{
  "version": 1,
  "dependencies": {
    "net10.0": {
      "Hl7.Fhir.R4": {
        "type": "Direct",
        "requested": "[6.4.0, )",
        "resolved": "6.4.0",
        "contentHash": "4VuXhdQ12KLHCWWCWGVSINsdmmQgeeaML/HU4Jf4WRZul+zMvftY9r8+UBTESQkephM2oLJ2yM0Htj6YUaGxhw==",
        "dependencies": {
          "Hl7.Fhir.Conformance": "6.4.0"
        }
      },
      "Fhir.Metrics": {
        "type": "Transitive",
        "resolved": "1.4.0",
        "contentHash": "SxpoHR46khpzQG4rOX+rJduPeuH3h9rEpEoguraOft24E0tMnnDk8CuTMVF3fMudsdyo5addKBf+wGngWHwgOQ=="
      },
      "Hl7.Fhir.Base": {
        "type": "Transitive",
        "resolved": "6.4.0",
        "contentHash": "ne+0zlNRGIiqSRKchg0qhQ7LCvS1AJGXo00InKWh6giv4FPv8wKEQpnDtRoCwCVuNtkVyc6XYdmHr5Neel3Xgw==",
        "dependencies": {
          "Fhir.Metrics": "1.4.0",
          "Newtonsoft.Json": "13.0.4",
          "System.ComponentModel.Annotations": "5.0.0"
        }
      },
      "Hl7.Fhir.Conformance": {
        "type": "Transitive",
        "resolved": "6.4.0",
        "contentHash": "Rdw5GAxXiSTsUptIlkP4DA42ykxclIdxzvTbgzoKttnFgD3m1V7lrvqmzKj5T4e9gK2MWU7I3r+Gw7NVkmSiNg==",
        "dependencies": {
          "Hl7.Fhir.Base": "6.4.0"
        }
      },
      "Newtonsoft.Json": {
        "type": "Transitive",
        "resolved": "13.0.4",
        "contentHash": "pdgNNMai3zv51W5aq268sujXUyx7SNdE2bj1wZcWjAQrKMFZV260lbqYop1d2GM67JI1huLRwxo9ZqnfF/lC6A=="
      },
      "System.ComponentModel.Annotations": {
        "type": "Transitive",
        "resolved": "5.0.0",
        "contentHash": "dMkqfy2el8A8/I76n2Hi1oBFEbG1SfxD2l5nhwXV3XjlnOmwxJlQbYpJH4W51odnU9sARCSAgv7S3CyAFMkpYg=="
      }
    }
  }
}